<?xml version="1.0" encoding="utf-8"?>
<Project ToolsVersion="4.0" xmlns="http://schemas.microsoft.com/developer/msbuild/2003">
  <ItemGroup>
    <Filter Include="SpaseArray">
      <UniqueIdentifier>{7bdcc4ed-2d3a-44dc-9c6c-d2574d7e57b1}</UniqueIdentifier>
    </Filter>
    <Filter Include="Sort">
      <UniqueIdentifier>{bac0f19a-2e97-4cf3-abe6-3a0e03569b10}</UniqueIdentifier>
    </Filter>
    <Filter Include="DataStructure">
      <UniqueIdentifier>{ee719b73-bdbc-4ef6-a80a-28f76c1df483}</UniqueIdentifier>
    </Filter>
    <Filter Include="DataStructure\BiTree">
      <UniqueIdentifier>{11832d08-1c4e-4115-ad62-1a16541d9b23}</UniqueIdentifier>
    </Filter>
    <Filter Include="MySort">
      <UniqueIdentifier>{e60225c0-d7cf-4776-895b-4f80c3ebb0b9}</UniqueIdentifier>
    </Filter>
    <Filter Include="DataStructure\BiTree\threadedbitree">
      <UniqueIdentifier>{d26d1822-b5d4-4c19-b916-967f95774a2d}</UniqueIdentifier>
    </Filter>
    <Filter Include="DataStructure\BiTree\binarytree">
      <UniqueIdentifier>{71b57212-74e8-4caa-900a-da686b1f099e}</UniqueIdentifier>
    </Filter>
    <Filter Include="DataStructure\BiTree\threadedbitreebook">
      <UniqueIdentifier>{c903d0c0-8e78-4076-ae99-79e802a470fb}</UniqueIdentifier>
    </Filter>
    <Filter Include="MySort\交换排序">
      <UniqueIdentifier>{75838280-9683-4c1b-84d4-dc20a76c84ab}</UniqueIdentifier>
    </Filter>
  </ItemGroup>
  <ItemGroup>
    <ClCompile Include="BubbleSort.cpp">
      <Filter>Sort</Filter>
    </ClCompile>
    <ClCompile Include="spasearray.cpp">
      <Filter>SpaseArray</Filter>
    </ClCompile>
    <ClCompile Include="SelectSort.cpp">
      <Filter>Sort</Filter>
    </ClCompile>
    <ClCompile Include="InsertSort.cpp">
      <Filter>Sort</Filter>
    </ClCompile>
    <ClCompile Include="ShellSort.cpp">
      <Filter>Sort</Filter>
    </ClCompile>
    <ClCompile Include="BiNode.cpp">
      <Filter>DataStructure\BiTree\binarytree</Filter>
    </ClCompile>
    <ClCompile Include="BiTree.cpp">
      <Filter>DataStructure\BiTree\binarytree</Filter>
    </ClCompile>
    <ClCompile Include="main.cpp">
      <Filter>DataStructure\BiTree\binarytree</Filter>
    </ClCompile>
    <ClCompile Include="ThreadedTree.cpp">
      <Filter>DataStructure\BiTree\threadedbitreebook</Filter>
    </ClCompile>
    <ClCompile Include="quickSort.cpp">
      <Filter>Sort</Filter>
    </ClCompile>
    <ClCompile Include="3_BubbleSort.cpp">
      <Filter>MySort\交换排序</Filter>
    </ClCompile>
    <ClCompile Include="3_quickSort.cpp">
      <Filter>MySort\交换排序</Filter>
    </ClCompile>
    <ClCompile Include="1_BubbleSort.cpp">
      <Filter>MySort\交换排序</Filter>
    </ClCompile>
    <ClCompile Include="2_BubbleSort.cpp">
      <Filter>MySort\交换排序</Filter>
    </ClCompile>
    <ClCompile Include="1_QuickSort.cpp">
      <Filter>MySort\交换排序</Filter>
    </ClCompile>
    <ClCompile Include="2_QuickSort.cpp">
      <Filter>MySort\交换排序</Filter>
    </ClCompile>
    <ClCompile Include="4_bubble_Sort.cpp">
      <Filter>MySort\交换排序</Filter>
    </ClCompile>
    <ClCompile Include="4_quickSort.cpp">
      <Filter>MySort\交换排序</Filter>
    </ClCompile>
    <ClCompile Include="5_BubbleSort.cpp">
      <Filter>MySort\交换排序</Filter>
    </ClCompile>
  </ItemGroup>
  <ItemGroup>
    <ClInclude Include="BiNode.h">
      <Filter>DataStructure\BiTree\binarytree</Filter>
    </ClInclude>
    <ClInclude Include="BiTree.h">
      <Filter>DataStructure\BiTree\binarytree</Filter>
    </ClInclude>
  </ItemGroup>
</Project>